
Microsoft Visual Studio Solution File, Format Version 12.00
# Visual Studio Version 16
VisualStudioVersion = 16.0.30320.27
MinimumVisualStudioVersion = 10.0.40219.1
Project("{FAE04EC0-301F-11D3-BF4B-00C04F79EFBC}") = "WindowsFormsApp1", "WindowsFormsApp1\WindowsFormsApp1.csproj", "{9B0F287E-C8B4-4ADC-A4FC-3DA0EFAA309E}"
EndProject
Global
	GlobalSection(SolutionConfigurationPlatforms) = preSolution
		Debug|Any CPU = Debug|Any CPU
		Release|Any CPU = Release|Any CPU
	EndGlobalSection
	GlobalSection(ProjectConfigurationPlatforms) = postSolution
		{9B0F287E-C8B4-4ADC-A4FC-3DA0EFAA309E}.Debug|Any CPU.ActiveCfg = Debug|Any CPU
		{9B0F287E-C8B4-4ADC-A4FC-3DA0EFAA309E}.Debug|Any CPU.Build.0 = Debug|Any CPU
		{9B0F287E-C8B4-4ADC-A4FC-3DA0EFAA309E}.Release|Any CPU.ActiveCfg = Release|Any CPU
		{9B0F287E-C8B4-4ADC-A4FC-3DA0EFAA309E}.Release|Any CPU.Build.0 = Release|Any CPU
	EndGlobalSection
	GlobalSection(SolutionProperties) = preSolution
		HideSolutionNode = FALSE
	EndGlobalSection
	GlobalSection(ExtensibilityGlobals) = postSolution
		SolutionGuid = {AFD698B4-0296-4AB4-91FB-DF4C10A85B76}
	EndGlobalSection
EndGlobal
